lockfileVersion: '9.0'

settings:
  autoInstallPeers: true
  excludeLinksFromLockfile: false

importers:

  .:
    dependencies:
      '@hocuspocus/extension-webhook':
        specifier: ^3.4.4
        version: 3.4.4(@tiptap/core@3.22.4(@tiptap/pm@3.22.4))(@tiptap/pm@3.22.4)(y-prosemirror@1.3.7(prosemirror-model@1.25.4)(prosemirror-state@1.4.4)(prosemirror-view@1.41.8)(y-protocols@1.0.7(yjs@13.6.30))(yjs@13.6.30))(y-protocols@1.0.7(yjs@13.6.30))(yjs@13.6.30)
      '@hocuspocus/server':
        specifier: ^3.4.4
        version: 3.4.4(y-protocols@1.0.7(yjs@13.6.30))(yjs@13.6.30)
      axios:
        specifier: ^1.15.2
        version: 1.15.2
      yjs:
        specifier: ^13.6.30
        version: 13.6.30

packages:

  '@hocuspocus/common@3.4.4':
    resolution: {integrity: sha512-RykIJ0tsHHMP4Xk+4UCbc7SO5LgGxGUSTdbh6anJEsaALAyqinf1Nn5HYuMjLPolAmsar1v++m9zufR09NLpXA==}

  '@hocuspocus/extension-webhook@3.4.4':
    resolution: {integrity: sha512-U799KazAFVAkZ39ZJrbs4/vYnGVTMAzCr+cwzjn4JuudT9B/UgdRkq4ztRjQpmG/2duoBVpj5jPjt/izsxhyew==}
    peerDependencies:
      yjs: ^13.6.8

  '@hocuspocus/server@3.4.4':
    resolution: {integrity: sha512-UV+oaONAejOzeYgUygNcgsc8RdZvSokVvAxluZJIisLACpRO/VsseQ5lWKDRwLd7Fn6+rHWDH3hGuQ1fdX1Ycg==}
    peerDependencies:
      y-protocols: ^1.0.6
      yjs: ^13.6.8

  '@hocuspocus/transformer@3.4.4':
    resolution: {integrity: sha512-X0EJ863LV97YbL5m8WTt4NDSC6uHi6ZCq/teIH5aholdjdhdTmFrzMemdhha/ZqPUZyaKhOoAmZzwR55HZLPpQ==}
    peerDependencies:
      '@tiptap/core': ^3.0.1
      '@tiptap/pm': ^3.0.1
      y-prosemirror: ^1.2.1
      yjs: ^13.6.8

  '@tiptap/core@3.22.4':
    resolution: {integrity: sha512-vGIGm/HpqLg8EAAQXQ+koV+/S828OEpzocfWcPOwo1u2QUVf9dQG47Yy6JJ8zFFaJwfv4dBcOXli+7BrJwsxDQ==}
    peerDependencies:
      '@tiptap/pm': 3.22.4

  '@tiptap/extension-blockquote@3.22.4':
    resolution: {integrity: sha512-7/61kNPbGFhMgM//zMknD0pSb69rGdRIkpulXOWS1JBrFHkH6hjZDfrOETNzgKkO+NlmzVl9rXSTv0xauS3lzA==}
    peerDependencies:
      '@tiptap/core': 3.22.4

  '@tiptap/extension-bold@3.22.4':
    resolution: {integrity: sha512-jIaPKfNOQu2lhpbLDvtwlQqM+mjF+Kk+auHpzYjBnsuwUli1Cl5ZOau7RH+rru/SQvZe1DtpQlANujDywugZAA==}
    peerDependencies:
      '@tiptap/core': 3.22.4

  '@tiptap/extension-bullet-list@3.22.4':
    resolution: {integrity: sha512-TB+d3fGcTixYjO7coKqTr1mGTJuqr8hjDCPUFgzuvKyJnBhqWITmBzQ/8CLq4rr6mihgGURbD3N+xkQuPAKFiw==}
    peerDependencies:
      '@tiptap/extension-list': 3.22.4

  '@tiptap/extension-code-block@3.22.4':
    resolution: {integrity: sha512-MEurzNXfMET3rhjpoPJYUgMfxTdTqbzT9+ToFrqNGAHocdXVm6m1hhO2frVC7fEtHPnxXKsn0Z3NUbCRkRTLuA==}
    peerDependencies:
      '@tiptap/core': 3.22.4
      '@tiptap/pm': 3.22.4

  '@tiptap/extension-code@3.22.4':
    resolution: {integrity: sha512-cnbxmVhAcc7X3G81QUYEmKP0ve2hRmvAiFXBuuv9RUtQlBiRnzmhHoJOMgkX0CsMR7+8kMRpTfeDUYq2xp5s5w==}
    peerDependencies:
      '@tiptap/core': 3.22.4

  '@tiptap/extension-document@3.22.4':
    resolution: {integrity: sha512-XQKla1+703FqQJC48tPDVgt9ucGiFbIEmQdOg5L5o07z9a6/NzuaZAc+1zJ7NxcUZzy+z6wBn1PrVMTiqiSXlw==}
    peerDependencies:
      '@tiptap/core': 3.22.4

  '@tiptap/extension-dropcursor@3.22.4':
    resolution: {integrity: sha512-N9/yMDC35jJp0V/naL0+6gi4gUDUIcPpWEzFdCDWUSYBA8mt41c1kI1ZU7UTKYIBzTClenhYHRc2XKZxxx0+LQ==}
    peerDependencies:
      '@tiptap/extensions': 3.22.4

  '@tiptap/extension-gapcursor@3.22.4':
    resolution: {integrity: sha512-UYBEUj3SFpKINIE7AdzcyeS3xICK+ee+YLBbuqNXyHStYChjJOohzJehqiqhjR16A88KQQ+ZjgyDcItKGygSog==}
    peerDependencies:
      '@tiptap/extensions': 3.22.4

  '@tiptap/extension-hard-break@3.22.4':
    resolution: {integrity: sha512-xq+a4dE7T6VwApCkh/yU3p30gn3F8g8Arb9CyEZm58/WIJUIGvHSTjDdHmvU16+kiWSBg+wOOsaFHhYjJjxcKA==}
    peerDependencies:
      '@tiptap/core': 3.22.4

  '@tiptap/extension-heading@3.22.4':
    resolution: {integrity: sha512-TUaj5f0Ir5qy9HKKt2ocnwfXKpZDYeHgbbP9gshKFzdq5PLe1RbIgkjfy6bnoI865cYjmPYWRjcT7XsKyIcb9Q==}
    peerDependencies:
      '@tiptap/core': 3.22.4

  '@tiptap/extension-horizontal-rule@3.22.4':
    resolution: {integrity: sha512-cCI1HekGQwhY/MbgaKQ0R/7HcH5ZM1oFAyI/J72QGLC0XnF403S/OXoHMuBWr1mCu8hNiQWCzeNRJUty0iytNw==}
    peerDependencies:
      '@tiptap/core': 3.22.4
      '@tiptap/pm': 3.22.4

  '@tiptap/extension-italic@3.22.4':
    resolution: {integrity: sha512-fVSDx5AYXgDI3v2zZIqb7V8EewthwM2NJ/ZCX+XaxRsqNEpnjVhgHs7UlvDqK1wj2OJ6zmUNjPtVlAFRxwT+HQ==}
    peerDependencies:
      '@tiptap/core': 3.22.4

  '@tiptap/extension-link@3.22.4':
    resolution: {integrity: sha512-uoP3yus02uwGPVzW2QaEPJWVIrUb/r5nKm6c8DiJv9fNSX1+gykZZMg42c6GwRFLZ/vyfWjVCbAE03VMUqafgA==}
    peerDependencies:
      '@tiptap/core': 3.22.4
      '@tiptap/pm': 3.22.4

  '@tiptap/extension-list-item@3.22.4':
    resolution: {integrity: sha512-H659KXTvggSypIDWSOJBZ37jh9pKjQriDDvYPYvOZCdfij0D0hsDXN/wXoypArneUkoBdgruHfTtMkFOaQlgkw==}
    peerDependencies:
      '@tiptap/extension-list': 3.22.4

  '@tiptap/extension-list-keymap@3.22.4':
    resolution: {integrity: sha512-t/zhker4oIS78AIGYDdFFfZC6zSBlszfD7z/zqFLGCg5PHNNgkZK5hKj6Vyix6D2SapRn/ajnx+8mhbKIUH5eA==}
    peerDependencies:
      '@tiptap/extension-list': 3.22.4

  '@tiptap/extension-list@3.22.4':
    resolution: {integrity: sha512-Xe8UFvvHmyp/c/TJsFwlwU9CWACYbBirNsluJ3U1+H8BTu1wqdrT/AXR5uIXeyCl5kiWKgX5q71eHWbYFOrqrg==}
    peerDependencies:
      '@tiptap/core': 3.22.4
      '@tiptap/pm': 3.22.4

  '@tiptap/extension-ordered-list@3.22.4':
    resolution: {integrity: sha512-w77hPVf7pcHt97vfrybg/l0t5CimCd4y75OJKuHuo3CfgM5xbUP/gaPNMDyLLe7MYole/UHi/XvG3XjgzqTzAw==}
    peerDependencies:
      '@tiptap/extension-list': 3.22.4

  '@tiptap/extension-paragraph@3.22.4':
    resolution: {integrity: sha512-de6dFkIhigiENESY6rNJ3yTVS/337ybfP30dNPudTwGe9oAu9ZCS+04j6QCvXSjhlI3ULiv7wiSHqrP26Gd+Hw==}
    peerDependencies:
      '@tiptap/core': 3.22.4

  '@tiptap/extension-strike@3.22.4':
    resolution: {integrity: sha512-aRHWQj42HiailXSC9LkKYM3jWMcSeGwOjbqM4PiuxQZmHVDRFmeHkfJItOdn2cSHaO0vuEVK+TvrWUWsBFi3pg==}
    peerDependencies:
      '@tiptap/core': 3.22.4

  '@tiptap/extension-text@3.22.4':
    resolution: {integrity: sha512-mM69uUW5cSxIhyEpWXi/YcfyupcJMDLCPEfYi62awH0iOP/LRoCv/nHjJq4Hyj/KxRJbe8HKwIUnqaCUf7m5Pg==}
    peerDependencies:
      '@tiptap/core': 3.22.4

  '@tiptap/extension-underline@3.22.4':
    resolution: {integrity: sha512-08kGdbhIrA6h10GWXqOkqIveaBj5tmxclK208/nUIAlonI9hPd739vu7fmVtpnmqCnSSNpoRtU4u6Gj5at0ZpA==}
    peerDependencies:
      '@tiptap/core': 3.22.4

  '@tiptap/extensions@3.22.4':
    resolution: {integrity: sha512-fOe8VptJvLPs32bNdUYo8SRyljwqKNQVXWW056VoXIc5en/59OdJlJQVeHI0jRRciH3MtrqODi/gfJR0VHNZ8A==}
    peerDependencies:
      '@tiptap/core': 3.22.4
      '@tiptap/pm': 3.22.4

  '@tiptap/pm@3.22.4':
    resolution: {integrity: sha512-hj8Qka6WcHRllHUdeSjDnq2XaisUo4KsoGJc1WcFpoa1Yd+OeD861zUMnV7DFVGdZRy45Obht0CUYJpXQ4yA4w==}

  '@tiptap/starter-kit@3.22.4':
    resolution: {integrity: sha512-qWjw+vfdin1rzMRpRU4cC5tLTwMJtUpXeQukv+6mOqqvhptuwuZBjUHImVEJaSPoHXS7+1ut+nTnrLyWyEuE5Q==}

  async-lock@1.4.1:
    resolution: {integrity: sha512-Az2ZTpuytrtqENulXwO3GGv1Bztugx6TT37NIo7imr/Qo0gsYiGtSdBa2B6fsXhTpVZDNfu1Qn3pk531e3q+nQ==}

  async-mutex@0.5.0:
    resolution: {integrity: sha512-1A94B18jkJ3DYq284ohPxoXbfTA5HsQ7/Mf4DEhcyLx3Bz27Rh59iScbB6EPiP+B+joue6YCxcMXSbFC1tZKwA==}

  asynckit@0.4.0:
    resolution: {integrity: sha512-Oei9OH4tRh0YqU3GxhX79dM/mwVgvbZJaSNaRk+bshkj0S5cfHcgYakreBjrHwatXKbz+IoIdYLxrKim2MjW0Q==}

  axios@1.15.2:
    resolution: {integrity: sha512-wLrXxPtcrPTsNlJmKjkPnNPK2Ihe0hn0wGSaTEiHRPxwjvJwT3hKmXF4dpqxmPO9SoNb2FsYXj/xEo0gHN+D5A==}

  call-bind-apply-helpers@1.0.2:
    resolution: {integrity: sha512-Sp1ablJ0ivDkSzjcaJdxEunN5/XvksFJ2sMBFfq6x0ryhQV/2b/KwFe21cMpmHtPOSij8K99/wSfoEuTObmuMQ==}
    engines: {node: '>= 0.4'}

  combined-stream@1.0.8:
    resolution: {integrity: sha512-FQN4MRfuJeHf7cBbBMJFXhKSDq+2kAArBlmRBvcvFE5BB1HZKXtSFASDhdlz9zOYwxh8lDdnvmMOe/+5cdoEdg==}
    engines: {node: '>= 0.8'}

  delayed-stream@1.0.0:
    resolution: {integrity: sha512-ZySD7Nf91aLB0RxL4KGrKHBXl7Eds1DAmEdcoVawXnLD7SDhpNgtuII2aAkg7a7QS41jxPSZ17p4VdGnMHk3MQ==}
    engines: {node: '>=0.4.0'}

  dunder-proto@1.0.1:
    resolution: {integrity: sha512-KIN/nDJBQRcXw0MLVhZE9iQHmG68qAVIBg9CqmUYjmQIhgij9U5MFvrqkUL5FbtyyzZuOeOt0zdeRe4UY7ct+A==}
    engines: {node: '>= 0.4'}

  es-define-property@1.0.1:
    resolution: {integrity: sha512-e3nRfgfUZ4rNGL232gUgX06QNyyez04KdjFrF+LTRoOXmrOgFKDg4BCdsjW8EnT69eqdYGmRpJwiPVYNrCaW3g==}
    engines: {node: '>= 0.4'}

  es-errors@1.3.0:
    resolution: {integrity: sha512-Zf5H2Kxt2xjTvbJvP2ZWLEICxA6j+hAmMzIlypy4xcBg1vKVnx89Wy0GbS+kf5cwCVFFzdCFh2XSCFNULS6csw==}
    engines: {node: '>= 0.4'}

  es-object-atoms@1.1.1:
    resolution: {integrity: sha512-FGgH2h8zKNim9ljj7dankFPcICIK9Cp5bm+c2gQSYePhpaG5+esrLODihIorn+Pe6FGJzWhXQotPv73jTaldXA==}
    engines: {node: '>= 0.4'}

  es-set-tostringtag@2.1.0:
    resolution: {integrity: sha512-j6vWzfrGVfyXxge+O0x5sh6cvxAog0a/4Rdd2K36zCMV5eJ+/+tOAngRO8cODMNWbVRdVlmGZQL2YS3yR8bIUA==}
    engines: {node: '>= 0.4'}

  follow-redirects@1.16.0:
    resolution: {integrity: sha512-y5rN/uOsadFT/JfYwhxRS5R7Qce+g3zG97+JrtFZlC9klX/W5hD7iiLzScI4nZqUS7DNUdhPgw4xI8W2LuXlUw==}
    engines: {node: '>=4.0'}
    peerDependencies:
      debug: '*'
    peerDependenciesMeta:
      debug:
        optional: true

  form-data@4.0.5:
    resolution: {integrity: sha512-8RipRLol37bNs2bhoV67fiTEvdTrbMUYcFTiy3+wuuOnUog2QBHCZWXDRijWQfAkhBj2Uf5UnVaiWwA5vdd82w==}
    engines: {node: '>= 6'}

  function-bind@1.1.2:
    resolution: {integrity: sha512-7XHNxH7qX9xG5mIwxkhumTox/MIRNcOgDrxWsMt2pAr23WHp6MrRlN7FBSFpCpr+oVO0F744iUgR82nJMfG2SA==}

  get-intrinsic@1.3.0:
    resolution: {integrity: sha512-9fSjSaos/fRIVIp+xSJlE6lfwhES7LNtKaCBIamHsjr2na1BiABJPo0mOjjz8GJDURarmCPGqaiVg5mfjb98CQ==}
    engines: {node: '>= 0.4'}

  get-proto@1.0.1:
    resolution: {integrity: sha512-sTSfBjoXBp89JvIKIefqw7U2CCebsc74kiY6awiGogKtoSGbgjYE/G/+l9sF3MWFPNc9IcoOC4ODfKHfxFmp0g==}
    engines: {node: '>= 0.4'}

  gopd@1.2.0:
    resolution: {integrity: sha512-ZUKRh6/kUFoAiTAtTYPZJ3hw9wNxx+BIBOijnlG9PnrJsCcSjs1wyyD6vJpaYtgnzDrKYRSqf3OO6Rfa93xsRg==}
    engines: {node: '>= 0.4'}

  has-symbols@1.1.0:
    resolution: {integrity: sha512-1cDNdwJ2Jaohmb3sg4OmKaMBwuC48sYni5HUw2DvsC8LjGTLK9h+eb1X6RyuOHe4hT0ULCW68iomhjUoKUqlPQ==}
    engines: {node: '>= 0.4'}

  has-tostringtag@1.0.2:
    resolution: {integrity: sha512-NqADB8VjPFLM2V0VvHUewwwsw0ZWBaIdgo+ieHtK3hasLz4qeCRjYcqfB6AQrBggRKppKF8L52/VqdVsO47Dlw==}
    engines: {node: '>= 0.4'}

  hasown@2.0.3:
    resolution: {integrity: sha512-ej4AhfhfL2Q2zpMmLo7U1Uv9+PyhIZpgQLGT1F9miIGmiCJIoCgSmczFdrc97mWT4kVY72KA+WnnhJ5pghSvSg==}
    engines: {node: '>= 0.4'}

  isomorphic.js@0.2.5:
    resolution: {integrity: sha512-PIeMbHqMt4DnUP3MA/Flc0HElYjMXArsw1qwJZcm9sqR8mq3l8NYizFMty0pWwE/tzIGH3EKK5+jes5mAr85yw==}

  kleur@4.1.5:
    resolution: {integrity: sha512-o+NO+8WrRiQEE4/7nwRJhN1HWpVmJm511pBHUxPLtp0BUISzlBplORYSmTclCnJvQq2tKu/sgl3xVpkc7ZWuQQ==}
    engines: {node: '>=6'}

  lib0@0.2.117:
    resolution: {integrity: sha512-DeXj9X5xDCjgKLU/7RR+/HQEVzuuEUiwldwOGsHK/sfAfELGWEyTcf0x+uOvCvK3O2zPmZePXWL85vtia6GyZw==}
    engines: {node: '>=16'}
    hasBin: true

  linkifyjs@4.3.2:
    resolution: {integrity: sha512-NT1CJtq3hHIreOianA8aSXn6Cw0JzYOuDQbOrSPe7gqFnCpKP++MQe3ODgO3oh2GJFORkAAdqredOa60z63GbA==}

  math-intrinsics@1.1.0:
    resolution: {integrity: sha512-/IXtbwEk5HTPyEwyKX6hGkYXxM9nbj64B+ilVJnC/R6B0pH5G4V3b0pVbL7DBj4tkhBAppbQUlf6F6Xl9LHu1g==}
    engines: {node: '>= 0.4'}

  mime-db@1.52.0:
    resolution: {integrity: sha512-sPU4uV7dYlvtWJxwwxHD0PuihVNiE7TyAbQ5SWxDCB9mUYvOgroQOwYQQOKPJ8CIbE+1ETVlOoK1UC2nU3gYvg==}
    engines: {node: '>= 0.6'}

  mime-types@2.1.35:
    resolution: {integrity: sha512-ZDY+bPm5zTTF+YpCrAU9nK0UgICYPT0QtT1NZWFv4s++TNkcgVaT0g6+4R2uI4MjQjzysHB1zxuWL50hzaeXiw==}
    engines: {node: '>= 0.6'}

  orderedmap@2.1.1:
    resolution: {integrity: sha512-TvAWxi0nDe1j/rtMcWcIj94+Ffe6n7zhow33h40SKxmsmozs6dz/e+EajymfoFcHd7sxNn8yHM8839uixMOV6g==}

  prosemirror-changeset@2.4.1:
    resolution: {integrity: sha512-96WBLhOaYhJ+kPhLg3uW359Tz6I/MfcrQfL4EGv4SrcqKEMC1gmoGrXHecPE8eOwTVCJ4IwgfzM8fFad25wNfw==}

  prosemirror-commands@1.7.1:
    resolution: {integrity: sha512-rT7qZnQtx5c0/y/KlYaGvtG411S97UaL6gdp6RIZ23DLHanMYLyfGBV5DtSnZdthQql7W+lEVbpSfwtO8T+L2w==}

  prosemirror-dropcursor@1.8.2:
    resolution: {integrity: sha512-CCk6Gyx9+Tt2sbYk5NK0nB1ukHi2ryaRgadV/LvyNuO3ena1payM2z6Cg0vO1ebK8cxbzo41ku2DE5Axj1Zuiw==}

  prosemirror-gapcursor@1.4.1:
    resolution: {integrity: sha512-pMdYaEnjNMSwl11yjEGtgTmLkR08m/Vl+Jj443167p9eB3HVQKhYCc4gmHVDsLPODfZfjr/MmirsdyZziXbQKw==}

  prosemirror-history@1.5.0:
    resolution: {integrity: sha512-zlzTiH01eKA55UAf1MEjtssJeHnGxO0j4K4Dpx+gnmX9n+SHNlDqI2oO1Kv1iPN5B1dm5fsljCfqKF9nFL6HRg==}

  prosemirror-keymap@1.2.3:
    resolution: {integrity: sha512-4HucRlpiLd1IPQQXNqeo81BGtkY8Ai5smHhKW9jjPKRc2wQIxksg7Hl1tTI2IfT2B/LgX6bfYvXxEpJl7aKYKw==}

  prosemirror-model@1.25.4:
    resolution: {integrity: sha512-PIM7E43PBxKce8OQeezAs9j4TP+5yDpZVbuurd1h5phUxEKIu+G2a+EUZzIC5nS1mJktDJWzbqS23n1tsAf5QA==}

  prosemirror-schema-list@1.5.1:
    resolution: {integrity: sha512-927lFx/uwyQaGwJxLWCZRkjXG0p48KpMj6ueoYiu4JX05GGuGcgzAy62dfiV8eFZftgyBUvLx76RsMe20fJl+Q==}

  prosemirror-state@1.4.4:
    resolution: {integrity: sha512-6jiYHH2CIGbCfnxdHbXZ12gySFY/fz/ulZE333G6bPqIZ4F+TXo9ifiR86nAHpWnfoNjOb3o5ESi7J8Uz1jXHw==}

  prosemirror-tables@1.8.5:
    resolution: {integrity: sha512-V/0cDCsHKHe/tfWkeCmthNUcEp1IVO3p6vwN8XtwE9PZQLAZJigbw3QoraAdfJPir4NKJtNvOB8oYGKRl+t0Dw==}

  prosemirror-transform@1.12.0:
    resolution: {integrity: sha512-GxboyN4AMIsoHNtz5uf2r2Ru551i5hWeCMD6E2Ib4Eogqoub0NflniaBPVQ4MrGE5yZ8JV9tUHg9qcZTTrcN4w==}

  prosemirror-view@1.41.8:
    resolution: {integrity: sha512-TnKDdohEatgyZNGCDWIdccOHXhYloJwbwU+phw/a23KBvJIR9lWQWW7WHHK3vBdOLDNuF7TaX98GObUZOWkOnA==}

  proxy-from-env@2.1.0:
    resolution: {integrity: sha512-cJ+oHTW1VAEa8cJslgmUZrc+sjRKgAKl3Zyse6+PV38hZe/V6Z14TbCuXcan9F9ghlz4QrFr2c92TNF82UkYHA==}
    engines: {node: '>=10'}

  rope-sequence@1.3.4:
    resolution: {integrity: sha512-UT5EDe2cu2E/6O4igUr5PSFs23nvvukicWHx6GnOPlHAiiYbzNuCRQCuiUdHJQcqKalLKlrYJnjY0ySGsXNQXQ==}

  tslib@2.8.1:
    resolution: {integrity: sha512-oJFu94HQb+KVduSUQL7wnpmqnfmLsOA/nAh6b6EH0wCEoK0/mPeXU6c3wKDV83MkOuHPRHtSXKKU99IBazS/2w==}

  w3c-keyname@2.2.8:
    resolution: {integrity: sha512-dpojBhNsCNN7T82Tm7k26A6G9ML3NkhDsnw9n/eoxSRlVBB4CEtIQ/KTCLI2Fwf3ataSXRhYFkQi3SlnFwPvPQ==}

  ws@8.20.0:
    resolution: {integrity: sha512-sAt8BhgNbzCtgGbt2OxmpuryO63ZoDk/sqaB/znQm94T4fCEsy/yV+7CdC1kJhOU9lboAEU7R3kquuycDoibVA==}
    engines: {node: '>=10.0.0'}
    peerDependencies:
      bufferutil: ^4.0.1
      utf-8-validate: '>=5.0.2'
    peerDependenciesMeta:
      bufferutil:
        optional: true
      utf-8-validate:
        optional: true

  y-prosemirror@1.3.7:
    resolution: {integrity: sha512-NpM99WSdD4Fx4if5xOMDpPtU3oAmTSjlzh5U4353ABbRHl1HtAFUx6HlebLZfyFxXN9jzKMDkVbcRjqOZVkYQg==}
    engines: {node: '>=16.0.0', npm: '>=8.0.0'}
    peerDependencies:
      prosemirror-model: ^1.7.1
      prosemirror-state: ^1.2.3
      prosemirror-view: ^1.9.10
      y-protocols: ^1.0.1
      yjs: ^13.5.38

  y-protocols@1.0.7:
    resolution: {integrity: sha512-YSVsLoXxO67J6eE/nV4AtFtT3QEotZf5sK5BHxFBXso7VDUT3Tx07IfA6hsu5Q5OmBdMkQVmFZ9QOA7fikWvnw==}
    engines: {node: '>=16.0.0', npm: '>=8.0.0'}
    peerDependencies:
      yjs: ^13.0.0

  yjs@13.6.30:
    resolution: {integrity: sha512-vv/9h42eCMC81ZHDFswuu/MKzkl/vyq1BhaNGfHyOonwlG4CJbQF4oiBBJPvfdeCt/PlVDWh7Nov9D34YY09uQ==}
    engines: {node: '>=16.0.0', npm: '>=8.0.0'}

snapshots:

  '@hocuspocus/common@3.4.4':
    dependencies:
      lib0: 0.2.117

  '@hocuspocus/extension-webhook@3.4.4(@tiptap/core@3.22.4(@tiptap/pm@3.22.4))(@tiptap/pm@3.22.4)(y-prosemirror@1.3.7(prosemirror-model@1.25.4)(prosemirror-state@1.4.4)(prosemirror-view@1.41.8)(y-protocols@1.0.7(yjs@13.6.30))(yjs@13.6.30))(y-protocols@1.0.7(yjs@13.6.30))(yjs@13.6.30)':
    dependencies:
      '@hocuspocus/common': 3.4.4
      '@hocuspocus/server': 3.4.4(y-protocols@1.0.7(yjs@13.6.30))(yjs@13.6.30)
      '@hocuspocus/transformer': 3.4.4(@tiptap/core@3.22.4(@tiptap/pm@3.22.4))(@tiptap/pm@3.22.4)(y-prosemirror@1.3.7(prosemirror-model@1.25.4)(prosemirror-state@1.4.4)(prosemirror-view@1.41.8)(y-protocols@1.0.7(yjs@13.6.30))(yjs@13.6.30))(yjs@13.6.30)
      axios: 1.15.2
      yjs: 13.6.30
    transitivePeerDependencies:
      - '@tiptap/core'
      - '@tiptap/pm'
      - bufferutil
      - debug
      - utf-8-validate
      - y-prosemirror
      - y-protocols

  '@hocuspocus/server@3.4.4(y-protocols@1.0.7(yjs@13.6.30))(yjs@13.6.30)':
    dependencies:
      '@hocuspocus/common': 3.4.4
      async-lock: 1.4.1
      async-mutex: 0.5.0
      kleur: 4.1.5
      lib0: 0.2.117
      ws: 8.20.0
      y-protocols: 1.0.7(yjs@13.6.30)
      yjs: 13.6.30
    transitivePeerDependencies:
      - bufferutil
      - utf-8-validate

  '@hocuspocus/transformer@3.4.4(@tiptap/core@3.22.4(@tiptap/pm@3.22.4))(@tiptap/pm@3.22.4)(y-prosemirror@1.3.7(prosemirror-model@1.25.4)(prosemirror-state@1.4.4)(prosemirror-view@1.41.8)(y-protocols@1.0.7(yjs@13.6.30))(yjs@13.6.30))(yjs@13.6.30)':
    dependencies:
      '@tiptap/core': 3.22.4(@tiptap/pm@3.22.4)
      '@tiptap/pm': 3.22.4
      '@tiptap/starter-kit': 3.22.4
      y-prosemirror: 1.3.7(prosemirror-model@1.25.4)(prosemirror-state@1.4.4)(prosemirror-view@1.41.8)(y-protocols@1.0.7(yjs@13.6.30))(yjs@13.6.30)
      yjs: 13.6.30

  '@tiptap/core@3.22.4(@tiptap/pm@3.22.4)':
    dependencies:
      '@tiptap/pm': 3.22.4

  '@tiptap/extension-blockquote@3.22.4(@tiptap/core@3.22.4(@tiptap/pm@3.22.4))':
    dependencies:
      '@tiptap/core': 3.22.4(@tiptap/pm@3.22.4)

  '@tiptap/extension-bold@3.22.4(@tiptap/core@3.22.4(@tiptap/pm@3.22.4))':
    dependencies:
      '@tiptap/core': 3.22.4(@tiptap/pm@3.22.4)

  '@tiptap/extension-bullet-list@3.22.4(@tiptap/extension-list@3.22.4(@tiptap/core@3.22.4(@tiptap/pm@3.22.4))(@tiptap/pm@3.22.4))':
    dependencies:
      '@tiptap/extension-list': 3.22.4(@tiptap/core@3.22.4(@tiptap/pm@3.22.4))(@tiptap/pm@3.22.4)

  '@tiptap/extension-code-block@3.22.4(@tiptap/core@3.22.4(@tiptap/pm@3.22.4))(@tiptap/pm@3.22.4)':
    dependencies:
      '@tiptap/core': 3.22.4(@tiptap/pm@3.22.4)
      '@tiptap/pm': 3.22.4

  '@tiptap/extension-code@3.22.4(@tiptap/core@3.22.4(@tiptap/pm@3.22.4))':
    dependencies:
      '@tiptap/core': 3.22.4(@tiptap/pm@3.22.4)

  '@tiptap/extension-document@3.22.4(@tiptap/core@3.22.4(@tiptap/pm@3.22.4))':
    dependencies:
      '@tiptap/core': 3.22.4(@tiptap/pm@3.22.4)

  '@tiptap/extension-dropcursor@3.22.4(@tiptap/extensions@3.22.4(@tiptap/core@3.22.4(@tiptap/pm@3.22.4))(@tiptap/pm@3.22.4))':
    dependencies:
      '@tiptap/extensions': 3.22.4(@tiptap/core@3.22.4(@tiptap/pm@3.22.4))(@tiptap/pm@3.22.4)

  '@tiptap/extension-gapcursor@3.22.4(@tiptap/extensions@3.22.4(@tiptap/core@3.22.4(@tiptap/pm@3.22.4))(@tiptap/pm@3.22.4))':
    dependencies:
      '@tiptap/extensions': 3.22.4(@tiptap/core@3.22.4(@tiptap/pm@3.22.4))(@tiptap/pm@3.22.4)

  '@tiptap/extension-hard-break@3.22.4(@tiptap/core@3.22.4(@tiptap/pm@3.22.4))':
    dependencies:
      '@tiptap/core': 3.22.4(@tiptap/pm@3.22.4)

  '@tiptap/extension-heading@3.22.4(@tiptap/core@3.22.4(@tiptap/pm@3.22.4))':
    dependencies:
      '@tiptap/core': 3.22.4(@tiptap/pm@3.22.4)

  '@tiptap/extension-horizontal-rule@3.22.4(@tiptap/core@3.22.4(@tiptap/pm@3.22.4))(@tiptap/pm@3.22.4)':
    dependencies:
      '@tiptap/core': 3.22.4(@tiptap/pm@3.22.4)
      '@tiptap/pm': 3.22.4

  '@tiptap/extension-italic@3.22.4(@tiptap/core@3.22.4(@tiptap/pm@3.22.4))':
    dependencies:
      '@tiptap/core': 3.22.4(@tiptap/pm@3.22.4)

  '@tiptap/extension-link@3.22.4(@tiptap/core@3.22.4(@tiptap/pm@3.22.4))(@tiptap/pm@3.22.4)':
    dependencies:
      '@tiptap/core': 3.22.4(@tiptap/pm@3.22.4)
      '@tiptap/pm': 3.22.4
      linkifyjs: 4.3.2

  '@tiptap/extension-list-item@3.22.4(@tiptap/extension-list@3.22.4(@tiptap/core@3.22.4(@tiptap/pm@3.22.4))(@tiptap/pm@3.22.4))':
    dependencies:
      '@tiptap/extension-list': 3.22.4(@tiptap/core@3.22.4(@tiptap/pm@3.22.4))(@tiptap/pm@3.22.4)

  '@tiptap/extension-list-keymap@3.22.4(@tiptap/extension-list@3.22.4(@tiptap/core@3.22.4(@tiptap/pm@3.22.4))(@tiptap/pm@3.22.4))':
    dependencies:
      '@tiptap/extension-list': 3.22.4(@tiptap/core@3.22.4(@tiptap/pm@3.22.4))(@tiptap/pm@3.22.4)

  '@tiptap/extension-list@3.22.4(@tiptap/core@3.22.4(@tiptap/pm@3.22.4))(@tiptap/pm@3.22.4)':
    dependencies:
      '@tiptap/core': 3.22.4(@tiptap/pm@3.22.4)
      '@tiptap/pm': 3.22.4

  '@tiptap/extension-ordered-list@3.22.4(@tiptap/extension-list@3.22.4(@tiptap/core@3.22.4(@tiptap/pm@3.22.4))(@tiptap/pm@3.22.4))':
    dependencies:
      '@tiptap/extension-list': 3.22.4(@tiptap/core@3.22.4(@tiptap/pm@3.22.4))(@tiptap/pm@3.22.4)

  '@tiptap/extension-paragraph@3.22.4(@tiptap/core@3.22.4(@tiptap/pm@3.22.4))':
    dependencies:
      '@tiptap/core': 3.22.4(@tiptap/pm@3.22.4)

  '@tiptap/extension-strike@3.22.4(@tiptap/core@3.22.4(@tiptap/pm@3.22.4))':
    dependencies:
      '@tiptap/core': 3.22.4(@tiptap/pm@3.22.4)

  '@tiptap/extension-text@3.22.4(@tiptap/core@3.22.4(@tiptap/pm@3.22.4))':
    dependencies:
      '@tiptap/core': 3.22.4(@tiptap/pm@3.22.4)

  '@tiptap/extension-underline@3.22.4(@tiptap/core@3.22.4(@tiptap/pm@3.22.4))':
    dependencies:
      '@tiptap/core': 3.22.4(@tiptap/pm@3.22.4)

  '@tiptap/extensions@3.22.4(@tiptap/core@3.22.4(@tiptap/pm@3.22.4))(@tiptap/pm@3.22.4)':
    dependencies:
      '@tiptap/core': 3.22.4(@tiptap/pm@3.22.4)
      '@tiptap/pm': 3.22.4

  '@tiptap/pm@3.22.4':
    dependencies:
      prosemirror-changeset: 2.4.1
      prosemirror-commands: 1.7.1
      prosemirror-dropcursor: 1.8.2
      prosemirror-gapcursor: 1.4.1
      prosemirror-history: 1.5.0
      prosemirror-keymap: 1.2.3
      prosemirror-model: 1.25.4
      prosemirror-schema-list: 1.5.1
      prosemirror-state: 1.4.4
      prosemirror-tables: 1.8.5
      prosemirror-transform: 1.12.0
      prosemirror-view: 1.41.8

  '@tiptap/starter-kit@3.22.4':
    dependencies:
      '@tiptap/core': 3.22.4(@tiptap/pm@3.22.4)
      '@tiptap/extension-blockquote': 3.22.4(@tiptap/core@3.22.4(@tiptap/pm@3.22.4))
      '@tiptap/extension-bold': 3.22.4(@tiptap/core@3.22.4(@tiptap/pm@3.22.4))
      '@tiptap/extension-bullet-list': 3.22.4(@tiptap/extension-list@3.22.4(@tiptap/core@3.22.4(@tiptap/pm@3.22.4))(@tiptap/pm@3.22.4))
      '@tiptap/extension-code': 3.22.4(@tiptap/core@3.22.4(@tiptap/pm@3.22.4))
      '@tiptap/extension-code-block': 3.22.4(@tiptap/core@3.22.4(@tiptap/pm@3.22.4))(@tiptap/pm@3.22.4)
      '@tiptap/extension-document': 3.22.4(@tiptap/core@3.22.4(@tiptap/pm@3.22.4))
      '@tiptap/extension-dropcursor': 3.22.4(@tiptap/extensions@3.22.4(@tiptap/core@3.22.4(@tiptap/pm@3.22.4))(@tiptap/pm@3.22.4))
      '@tiptap/extension-gapcursor': 3.22.4(@tiptap/extensions@3.22.4(@tiptap/core@3.22.4(@tiptap/pm@3.22.4))(@tiptap/pm@3.22.4))
      '@tiptap/extension-hard-break': 3.22.4(@tiptap/core@3.22.4(@tiptap/pm@3.22.4))
      '@tiptap/extension-heading': 3.22.4(@tiptap/core@3.22.4(@tiptap/pm@3.22.4))
      '@tiptap/extension-horizontal-rule': 3.22.4(@tiptap/core@3.22.4(@tiptap/pm@3.22.4))(@tiptap/pm@3.22.4)
      '@tiptap/extension-italic': 3.22.4(@tiptap/core@3.22.4(@tiptap/pm@3.22.4))
      '@tiptap/extension-link': 3.22.4(@tiptap/core@3.22.4(@tiptap/pm@3.22.4))(@tiptap/pm@3.22.4)
      '@tiptap/extension-list': 3.22.4(@tiptap/core@3.22.4(@tiptap/pm@3.22.4))(@tiptap/pm@3.22.4)
      '@tiptap/extension-list-item': 3.22.4(@tiptap/extension-list@3.22.4(@tiptap/core@3.22.4(@tiptap/pm@3.22.4))(@tiptap/pm@3.22.4))
      '@tiptap/extension-list-keymap': 3.22.4(@tiptap/extension-list@3.22.4(@tiptap/core@3.22.4(@tiptap/pm@3.22.4))(@tiptap/pm@3.22.4))
      '@tiptap/extension-ordered-list': 3.22.4(@tiptap/extension-list@3.22.4(@tiptap/core@3.22.4(@tiptap/pm@3.22.4))(@tiptap/pm@3.22.4))
      '@tiptap/extension-paragraph': 3.22.4(@tiptap/core@3.22.4(@tiptap/pm@3.22.4))
      '@tiptap/extension-strike': 3.22.4(@tiptap/core@3.22.4(@tiptap/pm@3.22.4))
      '@tiptap/extension-text': 3.22.4(@tiptap/core@3.22.4(@tiptap/pm@3.22.4))
      '@tiptap/extension-underline': 3.22.4(@tiptap/core@3.22.4(@tiptap/pm@3.22.4))
      '@tiptap/extensions': 3.22.4(@tiptap/core@3.22.4(@tiptap/pm@3.22.4))(@tiptap/pm@3.22.4)
      '@tiptap/pm': 3.22.4

  async-lock@1.4.1: {}

  async-mutex@0.5.0:
    dependencies:
      tslib: 2.8.1

  asynckit@0.4.0: {}

  axios@1.15.2:
    dependencies:
      follow-redirects: 1.16.0
      form-data: 4.0.5
      proxy-from-env: 2.1.0
    transitivePeerDependencies:
      - debug

  call-bind-apply-helpers@1.0.2:
    dependencies:
      es-errors: 1.3.0
      function-bind: 1.1.2

  combined-stream@1.0.8:
    dependencies:
      delayed-stream: 1.0.0

  delayed-stream@1.0.0: {}

  dunder-proto@1.0.1:
    dependencies:
      call-bind-apply-helpers: 1.0.2
      es-errors: 1.3.0
      gopd: 1.2.0

  es-define-property@1.0.1: {}

  es-errors@1.3.0: {}

  es-object-atoms@1.1.1:
    dependencies:
      es-errors: 1.3.0

  es-set-tostringtag@2.1.0:
    dependencies:
      es-errors: 1.3.0
      get-intrinsic: 1.3.0
      has-tostringtag: 1.0.2
      hasown: 2.0.3

  follow-redirects@1.16.0: {}

  form-data@4.0.5:
    dependencies:
      asynckit: 0.4.0
      combined-stream: 1.0.8
      es-set-tostringtag: 2.1.0
      hasown: 2.0.3
      mime-types: 2.1.35

  function-bind@1.1.2: {}

  get-intrinsic@1.3.0:
    dependencies:
      call-bind-apply-helpers: 1.0.2
      es-define-property: 1.0.1
      es-errors: 1.3.0
      es-object-atoms: 1.1.1
      function-bind: 1.1.2
      get-proto: 1.0.1
      gopd: 1.2.0
      has-symbols: 1.1.0
      hasown: 2.0.3
      math-intrinsics: 1.1.0

  get-proto@1.0.1:
    dependencies:
      dunder-proto: 1.0.1
      es-object-atoms: 1.1.1

  gopd@1.2.0: {}

  has-symbols@1.1.0: {}

  has-tostringtag@1.0.2:
    dependencies:
      has-symbols: 1.1.0

  hasown@2.0.3:
    dependencies:
      function-bind: 1.1.2

  isomorphic.js@0.2.5: {}

  kleur@4.1.5: {}

  lib0@0.2.117:
    dependencies:
      isomorphic.js: 0.2.5

  linkifyjs@4.3.2: {}

  math-intrinsics@1.1.0: {}

  mime-db@1.52.0: {}

  mime-types@2.1.35:
    dependencies:
      mime-db: 1.52.0

  orderedmap@2.1.1: {}

  prosemirror-changeset@2.4.1:
    dependencies:
      prosemirror-transform: 1.12.0

  prosemirror-commands@1.7.1:
    dependencies:
      prosemirror-model: 1.25.4
      prosemirror-state: 1.4.4
      prosemirror-transform: 1.12.0

  prosemirror-dropcursor@1.8.2:
    dependencies:
      prosemirror-state: 1.4.4
      prosemirror-transform: 1.12.0
      prosemirror-view: 1.41.8

  prosemirror-gapcursor@1.4.1:
    dependencies:
      prosemirror-keymap: 1.2.3
      prosemirror-model: 1.25.4
      prosemirror-state: 1.4.4
      prosemirror-view: 1.41.8

  prosemirror-history@1.5.0:
    dependencies:
      prosemirror-state: 1.4.4
      prosemirror-transform: 1.12.0
      prosemirror-view: 1.41.8
      rope-sequence: 1.3.4

  prosemirror-keymap@1.2.3:
    dependencies:
      prosemirror-state: 1.4.4
      w3c-keyname: 2.2.8

  prosemirror-model@1.25.4:
    dependencies:
      orderedmap: 2.1.1

  prosemirror-schema-list@1.5.1:
    dependencies:
      prosemirror-model: 1.25.4
      prosemirror-state: 1.4.4
      prosemirror-transform: 1.12.0

  prosemirror-state@1.4.4:
    dependencies:
      prosemirror-model: 1.25.4
      prosemirror-transform: 1.12.0
      prosemirror-view: 1.41.8

  prosemirror-tables@1.8.5:
    dependencies:
      prosemirror-keymap: 1.2.3
      prosemirror-model: 1.25.4
      prosemirror-state: 1.4.4
      prosemirror-transform: 1.12.0
      prosemirror-view: 1.41.8

  prosemirror-transform@1.12.0:
    dependencies:
      prosemirror-model: 1.25.4

  prosemirror-view@1.41.8:
    dependencies:
      prosemirror-model: 1.25.4
      prosemirror-state: 1.4.4
      prosemirror-transform: 1.12.0

  proxy-from-env@2.1.0: {}

  rope-sequence@1.3.4: {}

  tslib@2.8.1: {}

  w3c-keyname@2.2.8: {}

  ws@8.20.0: {}

  y-prosemirror@1.3.7(prosemirror-model@1.25.4)(prosemirror-state@1.4.4)(prosemirror-view@1.41.8)(y-protocols@1.0.7(yjs@13.6.30))(yjs@13.6.30):
    dependencies:
      lib0: 0.2.117
      prosemirror-model: 1.25.4
      prosemirror-state: 1.4.4
      prosemirror-view: 1.41.8
      y-protocols: 1.0.7(yjs@13.6.30)
      yjs: 13.6.30

  y-protocols@1.0.7(yjs@13.6.30):
    dependencies:
      lib0: 0.2.117
      yjs: 13.6.30

  yjs@13.6.30:
    dependencies:
      lib0: 0.2.117
